
Microsoft Visual Studio Solution File, Format Version 12.00
# Visual Studio Version 16
VisualStudioVersion = 16.0.32802.440
MinimumVisualStudioVersion = 10.0.40219.1
Project("{FAE04EC0-301F-11D3-BF4B-00C04F79EFBC}") = "CardMaker", "CardMaker\CardMaker.csproj", "{05D51FB6-C25A-4EDF-9CB5-8B7C498F4295}"
EndProject
Global
	GlobalSection(SolutionConfigurationPlatforms) = preSolution
		Debug|Any CPU = Debug|Any CPU
		Release|Any CPU = Release|Any CPU
	EndGlobalSection
	GlobalSection(ProjectConfigurationPlatforms) = postSolution
		{05D51FB6-C25A-4EDF-9CB5-8B7C498F4295}.Debug|Any CPU.ActiveCfg = Debug|Any CPU
		{05D51FB6-C25A-4EDF-9CB5-8B7C498F4295}.Debug|Any CPU.Build.0 = Debug|Any CPU
		{05D51FB6-C25A-4EDF-9CB5-8B7C498F4295}.Release|Any CPU.ActiveCfg = Release|Any CPU
		{05D51FB6-C25A-4EDF-9CB5-8B7C498F4295}.Release|Any CPU.Build.0 = Release|Any CPU
	EndGlobalSection
	GlobalSection(SolutionProperties) = preSolution
		HideSolutionNode = FALSE
	EndGlobalSection
	GlobalSection(ExtensibilityGlobals) = postSolution
		SolutionGuid = {FCEF5564-9AEB-4412-A4CB-591FF721593A}
	EndGlobalSection
EndGlobal
